Microsoft Visual Studio Solution File, Format Version 12.00
# Visual Studio Version 17
VisualStudioVersion = 17.5.2.0
MinimumVisualStudioVersion = 10.0.40219.1
Project("{FAE04EC0-301F-11D3-BF4B-00C04F79EFBC}") = "lab28v5", "lab28v5.csproj", "{6F55D497-2B1A-34D9-6491-3043FC682E34}"
EndProject
Global
	GlobalSection(SolutionConfigurationPlatforms) = preSolution
		Debug|Any CPU = Debug|Any CPU
		Release|Any CPU = Release|Any CPU
	EndGlobalSection
	GlobalSection(ProjectConfigurationPlatforms) = postSolution
		{6F55D497-2B1A-34D9-6491-3043FC682E34}.Debug|Any CPU.ActiveCfg = Debug|Any CPU
		{6F55D497-2B1A-34D9-6491-3043FC682E34}.Debug|Any CPU.Build.0 = Debug|Any CPU
		{6F55D497-2B1A-34D9-6491-3043FC682E34}.Release|Any CPU.ActiveCfg = Release|Any CPU
		{6F55D497-2B1A-34D9-6491-3043FC682E34}.Release|Any CPU.Build.0 = Release|Any CPU
	EndGlobalSection
	GlobalSection(SolutionProperties) = preSolution
		HideSolutionNode = FALSE
	EndGlobalSection
	GlobalSection(ExtensibilityGlobals) = postSolution
		SolutionGuid = {D0FB26BC-5D51-45BE-9A87-CBF798A373F8}
	EndGlobalSection
EndGlobal
