Microsoft Visual Studio Solution File, Format Version 12.00
# Visual Studio Version 17
VisualStudioVersion = 17.5.2.0
MinimumVisualStudioVersion = 10.0.40219.1
Project("{FAE04EC0-301F-11D3-BF4B-00C04F79EFBC}") = "IndependentWork23", "IndependentWork23.csproj", "{6EA93293-A2C9-9B72-C09E-06B1F9CB4D1E}"
EndProject
Global
	GlobalSection(SolutionConfigurationPlatforms) = preSolution
		Debug|Any CPU = Debug|Any CPU
		Release|Any CPU = Release|Any CPU
	EndGlobalSection
	GlobalSection(ProjectConfigurationPlatforms) = postSolution
		{6EA93293-A2C9-9B72-C09E-06B1F9CB4D1E}.Debug|Any CPU.ActiveCfg = Debug|Any CPU
		{6EA93293-A2C9-9B72-C09E-06B1F9CB4D1E}.Debug|Any CPU.Build.0 = Debug|Any CPU
		{6EA93293-A2C9-9B72-C09E-06B1F9CB4D1E}.Release|Any CPU.ActiveCfg = Release|Any CPU
		{6EA93293-A2C9-9B72-C09E-06B1F9CB4D1E}.Release|Any CPU.Build.0 = Release|Any CPU
	EndGlobalSection
	GlobalSection(SolutionProperties) = preSolution
		HideSolutionNode = FALSE
	EndGlobalSection
	GlobalSection(ExtensibilityGlobals) = postSolution
		SolutionGuid = {2888B333-A595-4247-B77D-8B47E126531F}
	EndGlobalSection
EndGlobal
