Microsoft Visual Studio Solution File, Format Version 12.00
# Visual Studio Version 17
VisualStudioVersion = 17.5.2.0
MinimumVisualStudioVersion = 10.0.40219.1
Project("{FAE04EC0-301F-11D3-BF4B-00C04F79EFBC}") = "lab30v5", "lab30v5\lab30v5.csproj", "{D6761670-0B0C-401A-BBEE-FE6AA43955DC}"
EndProject
Project("{FAE04EC0-301F-11D3-BF4B-00C04F79EFBC}") = "lab30v5.Tests", "lab30v5.Tests\lab30v5.Tests.csproj", "{7235D35B-6024-9FD4-0208-533B4A33A936}"
EndProject
Global
	GlobalSection(SolutionConfigurationPlatforms) = preSolution
		Debug|Any CPU = Debug|Any CPU
		Release|Any CPU = Release|Any CPU
	EndGlobalSection
	GlobalSection(ProjectConfigurationPlatforms) = postSolution
		{D6761670-0B0C-401A-BBEE-FE6AA43955DC}.Debug|Any CPU.ActiveCfg = Debug|Any CPU
		{D6761670-0B0C-401A-BBEE-FE6AA43955DC}.Debug|Any CPU.Build.0 = Debug|Any CPU
		{D6761670-0B0C-401A-BBEE-FE6AA43955DC}.Release|Any CPU.ActiveCfg = Release|Any CPU
		{D6761670-0B0C-401A-BBEE-FE6AA43955DC}.Release|Any CPU.Build.0 = Release|Any CPU
		{7235D35B-6024-9FD4-0208-533B4A33A936}.Debug|Any CPU.ActiveCfg = Debug|Any CPU
		{7235D35B-6024-9FD4-0208-533B4A33A936}.Debug|Any CPU.Build.0 = Debug|Any CPU
		{7235D35B-6024-9FD4-0208-533B4A33A936}.Release|Any CPU.ActiveCfg = Release|Any CPU
		{7235D35B-6024-9FD4-0208-533B4A33A936}.Release|Any CPU.Build.0 = Release|Any CPU
	EndGlobalSection
	GlobalSection(SolutionProperties) = preSolution
		HideSolutionNode = FALSE
	EndGlobalSection
	GlobalSection(ExtensibilityGlobals) = postSolution
		SolutionGuid = {F52300F2-BF1A-46C9-B33B-2A3E53359839}
	EndGlobalSection
EndGlobal
